{
    "name": "legrid-assets",
    "version": "1.0.0",
    "lockfileVersion": 3,
    "requires": true,
    "packages": {
        "": {
            "name": "legrid-assets",
            "version": "1.0.0",
            "dependencies": {
                "@tailwindcss/forms": "^0.5.10",
                "phoenix": "file:../deps/phoenix",
                "phoenix_html": "file:../deps/phoenix_html",
                "phoenix_live_view": "file:../deps/phoenix_live_view"
            }
        },
        "../deps/phoenix": {
            "version": "1.7.21",
            "license": "MIT"
        },
        "../deps/phoenix_html": {
            "version": "4.2.1"
        },
        "../deps/phoenix_live_view": {
            "version": "0.20.17",
            "license": "MIT",
            "devDependencies": {
                "@playwright/test": "^1.43.1",
                "monocart-reporter": "^2.3.1"
            }
        },
        "node_modules/@tailwindcss/forms": {
            "version": "0.5.10",
            "resolved": "https://registry.npmjs.org/@tailwindcss/forms/-/forms-0.5.10.tgz",
            "integrity": "sha512-utI1ONF6uf/pPNO68kmN1b8rEwNXv3czukalo8VtJH8ksIkZXr3Q3VYudZLkCsDd4Wku120uF02hYK25XGPorw==",
            "license": "MIT",
            "dependencies": {
                "mini-svg-data-uri": "^1.2.3"
            },
            "peerDependencies": {
                "tailwindcss": ">=3.0.0 || >= 3.0.0-alpha.1 || >= 4.0.0-alpha.20 || >= 4.0.0-beta.1"
            }
        },
        "node_modules/mini-svg-data-uri": {
            "version": "1.4.4",
            "resolved": "https://registry.npmjs.org/mini-svg-data-uri/-/mini-svg-data-uri-1.4.4.tgz",
            "integrity": "sha512-r9deDe9p5FJUPZAk3A59wGH7Ii9YrjjWw0jmw/liSbHl2CHiyXj6FcDXDu2K3TjVAXqiJdaw3xxwlZZr9E6nHg==",
            "license": "MIT",
            "bin": {
                "mini-svg-data-uri": "cli.js"
            }
        },
        "node_modules/phoenix": {
            "resolved": "../deps/phoenix",
            "link": true
        },
        "node_modules/phoenix_html": {
            "resolved": "../deps/phoenix_html",
            "link": true
        },
        "node_modules/phoenix_live_view": {
            "resolved": "../deps/phoenix_live_view",
            "link": true
        },
        "node_modules/tailwindcss": {
            "version": "4.1.5",
            "resolved": "https://registry.npmjs.org/tailwindcss/-/tailwindcss-4.1.5.tgz",
            "integrity": "sha512-nYtSPfWGDiWgCkwQG/m+aX83XCwf62sBgg3bIlNiiOcggnS1x3uVRDAuyelBFL+vJdOPPCGElxv9DjHJjRHiVA==",
            "license": "MIT",
            "peer": true
        }
    }
}
